{
  "name": "advaita",
  "version": "0.0.0",
  "lockfileVersion": 3,
  "requires": true,
  "packages": {
    "": {
      "name": "advaita",
      "version": "0.0.0",
      "workspaces": [
        "packages/*"
      ]
    },
    "node_modules/@advaita/broker": {
      "resolved": "packages/broker",
      "link": true
    },
    "node_modules/@advaita/integration-tests": {
      "resolved": "packages/integration-tests",
      "link": true
    },
    "node_modules/@advaita/launcher": {
      "resolved": "packages/launcher",
      "link": true
    },
    "node_modules/@advaita/pi-package": {
      "resolved": "packages/pi-package",
      "link": true
    },
    "node_modules/@advaita/shared": {
      "resolved": "packages/shared",
      "link": true
    },
    "packages/broker": {
      "name": "@advaita/broker",
      "version": "0.0.0"
    },
    "packages/integration-tests": {
      "name": "@advaita/integration-tests",
      "version": "0.0.0"
    },
    "packages/launcher": {
      "name": "@advaita/launcher",
      "version": "0.0.0"
    },
    "packages/pi-package": {
      "name": "@advaita/pi-package",
      "version": "0.0.0"
    },
    "packages/shared": {
      "name": "@advaita/shared",
      "version": "0.0.0"
    }
  }
}
